
Microsoft Visual Studio Solution File, Format Version 12.00
# Visual Studio Version 16
VisualStudioVersion = 16.0.29806.167
MinimumVisualStudioVersion = 10.0.40219.1
Project("{FAE04EC0-301F-11D3-BF4B-00C04F79EFBC}") = "Targygraf", "Targygraf\Targygraf.csproj", "{224292DD-F6E3-47D5-A4E7-51938805ED89}"
EndProject
Global
	GlobalSection(SolutionConfigurationPlatforms) = preSolution
		Debug|Any CPU = Debug|Any CPU
		Release|Any CPU = Release|Any CPU
	EndGlobalSection
	GlobalSection(ProjectConfigurationPlatforms) = postSolution
		{224292DD-F6E3-47D5-A4E7-51938805ED89}.Debug|Any CPU.ActiveCfg = Debug|Any CPU
		{224292DD-F6E3-47D5-A4E7-51938805ED89}.Debug|Any CPU.Build.0 = Debug|Any CPU
		{224292DD-F6E3-47D5-A4E7-51938805ED89}.Release|Any CPU.ActiveCfg = Release|Any CPU
		{224292DD-F6E3-47D5-A4E7-51938805ED89}.Release|Any CPU.Build.0 = Release|Any CPU
	EndGlobalSection
	GlobalSection(SolutionProperties) = preSolution
		HideSolutionNode = FALSE
	EndGlobalSection
	GlobalSection(ExtensibilityGlobals) = postSolution
		SolutionGuid = {0DF0939C-A7D1-4797-AB92-08FD02B72DCE}
	EndGlobalSection
EndGlobal
